{
  "name": "papyr-monorepo",
  "version": "3.1.2",
  "lockfileVersion": 3,
  "requires": true,
  "packages": {
    "": {
      "name": "papyr-monorepo",
      "version": "3.1.2",
      "license": "MIT",
      "workspaces": [
        "packages/*"
      ],
      "devDependencies": {
        "marked": "^18.0.5",
        "uglify-js": "^3.19.3"
      }
    },
    "node_modules/@eldrex/papyr": {
      "resolved": "packages/core",
      "link": true
    },
    "node_modules/@eldrex/papyr-3d": {
      "resolved": "packages/3d",
      "link": true
    },
    "node_modules/@eldrex/papyr-ai": {
      "resolved": "packages/ai",
      "link": true
    },
    "node_modules/@eldrex/papyr-animate": {
      "resolved": "packages/animate",
      "link": true
    },
    "node_modules/@eldrex/papyr-auth": {
      "resolved": "packages/auth",
      "link": true
    },
    "node_modules/@eldrex/papyr-charts": {
      "resolved": "packages/charts",
      "link": true
    },
    "node_modules/@eldrex/papyr-db": {
      "resolved": "packages/db",
      "link": true
    },
    "node_modules/@eldrex/papyr-router": {
      "resolved": "packages/router",
      "link": true
    },
    "node_modules/@eldrex/papyr-shapes": {
      "resolved": "packages/shapes",
      "link": true
    },
    "node_modules/@eldrex/papyr-ssr": {
      "resolved": "packages/ssr",
      "link": true
    },
    "node_modules/marked": {
      "version": "18.0.5",
      "resolved": "https://registry.npmjs.org/marked/-/marked-18.0.5.tgz",
      "integrity": "sha512-S6GcvALHg6K4ohtu4E7x0a1AqhAjp6cV8KhLSyN9qVapnzJkusVBxZRcIU9AeYsbe6P1hKDusSbEOzGyyuce6w==",
      "dev": true,
      "license": "MIT",
      "bin": {
        "marked": "bin/marked.js"
      },
      "engines": {
        "node": ">= 20"
      }
    },
    "node_modules/uglify-js": {
      "version": "3.19.3",
      "resolved": "https://registry.npmjs.org/uglify-js/-/uglify-js-3.19.3.tgz",
      "integrity": "sha512-v3Xu+yuwBXisp6QYTcH4UbH+xYJXqnq2m/LtQVWKWzYc1iehYnLixoQDN9FH6/j9/oybfd6W9Ghwkl8+UMKTKQ==",
      "dev": true,
      "license": "BSD-2-Clause",
      "bin": {
        "uglifyjs": "bin/uglifyjs"
      },
      "engines": {
        "node": ">=0.8.0"
      }
    },
    "packages/3d": {
      "name": "@eldrex/papyr-3d",
      "version": "3.1.2",
      "license": "MIT",
      "peerDependencies": {
        "@eldrex/papyr": "^3.0.4"
      }
    },
    "packages/ai": {
      "name": "@eldrex/papyr-ai",
      "version": "3.1.2",
      "license": "MIT",
      "peerDependencies": {
        "@eldrex/papyr": "^3.0.4"
      }
    },
    "packages/animate": {
      "name": "@eldrex/papyr-animate",
      "version": "3.1.2",
      "license": "MIT",
      "peerDependencies": {
        "@eldrex/papyr": "^3.0.4"
      }
    },
    "packages/auth": {
      "name": "@eldrex/papyr-auth",
      "version": "3.1.2",
      "license": "MIT",
      "peerDependencies": {
        "@eldrex/papyr": "^3.0.4"
      }
    },
    "packages/charts": {
      "name": "@eldrex/papyr-charts",
      "version": "3.1.2",
      "license": "MIT",
      "peerDependencies": {
        "@eldrex/papyr": "^3.0.4"
      }
    },
    "packages/core": {
      "name": "@eldrex/papyr",
      "version": "3.1.2",
      "license": "MIT"
    },
    "packages/db": {
      "name": "@eldrex/papyr-db",
      "version": "3.1.2",
      "license": "MIT",
      "peerDependencies": {
        "@eldrex/papyr": "^3.0.4"
      }
    },
    "packages/router": {
      "name": "@eldrex/papyr-router",
      "version": "3.1.2",
      "license": "MIT",
      "peerDependencies": {
        "@eldrex/papyr": "^3.0.4"
      }
    },
    "packages/shapes": {
      "name": "@eldrex/papyr-shapes",
      "version": "3.1.2",
      "license": "MIT",
      "peerDependencies": {
        "@eldrex/papyr": "^3.0.4"
      }
    },
    "packages/ssr": {
      "name": "@eldrex/papyr-ssr",
      "version": "3.1.2",
      "license": "MIT",
      "peerDependencies": {
        "@eldrex/papyr": "^3.0.4"
      }
    }
  }
}
